
Microsoft Visual Studio Solution File, Format Version 12.00
# Visual Studio Version 17
VisualStudioVersion = 17.14.36623.8 d17.14
MinimumVisualStudioVersion = 10.0.40219.1
Project("{FAE04EC0-301F-11D3-BF4B-00C04F79EFBC}") = "MariTeam", "MariTeam\MariTeam.csproj", "{1B5B1D07-052D-4CCD-ABE8-0E08EF2AC550}"
EndProject
Global
	GlobalSection(SolutionConfigurationPlatforms) = preSolution
		Debug|Any CPU = Debug|Any CPU
		Release|Any CPU = Release|Any CPU
	EndGlobalSection
	GlobalSection(ProjectConfigurationPlatforms) = postSolution
		{1B5B1D07-052D-4CCD-ABE8-0E08EF2AC550}.Debug|Any CPU.ActiveCfg = Debug|Any CPU
		{1B5B1D07-052D-4CCD-ABE8-0E08EF2AC550}.Debug|Any CPU.Build.0 = Debug|Any CPU
		{1B5B1D07-052D-4CCD-ABE8-0E08EF2AC550}.Release|Any CPU.ActiveCfg = Release|Any CPU
		{1B5B1D07-052D-4CCD-ABE8-0E08EF2AC550}.Release|Any CPU.Build.0 = Release|Any CPU
	EndGlobalSection
	GlobalSection(SolutionProperties) = preSolution
		HideSolutionNode = FALSE
	EndGlobalSection
	GlobalSection(ExtensibilityGlobals) = postSolution
		SolutionGuid = {E7EC5274-D846-4438-AFD1-FE9E4EBE26F6}
	EndGlobalSection
EndGlobal
